{
  "version": 4,
  "terraform_version": "1.6.6",
  "serial": 1,
  "lineage": "d567f150-0fef-f7f8-2765-67bf923d349a",
  "outputs": {},
  "resources": [
    {
      "mode": "managed",
      "type": "aws_api_gateway_rest_api",
      "name": "test_api",
      "provider": "provider[\"registry.terraform.io/hashicorp/aws\"]",
      "instances": [
        {
          "schema_version": 0,
          "attributes": {
            "api_key_source": "HEADER",
            "arn": "arn:aws:apigateway:eu-north-1::/restapis/rzcxl10s1g",
            "binary_media_types": [],
            "body": null,
            "created_date": "2025-05-13T17:35:55Z",
            "description": "Tämä on testiapigateway Terraformin testaukseen",
            "disable_execute_api_endpoint": false,
            "endpoint_configuration": [
              {
                "ip_address_type": "ipv4",
                "types": [
                  "EDGE"
                ],
                "vpc_endpoint_ids": []
              }
            ],
            "execution_arn": "arn:aws:execute-api:eu-north-1:886946058344:rzcxl10s1g",
            "fail_on_warnings": null,
            "id": "rzcxl10s1g",
            "minimum_compression_size": "",
            "name": "TestiAPI",
            "parameters": null,
            "policy": "",
            "put_rest_api_mode": null,
            "root_resource_id": "z0hhm1wdk2",
            "tags": null,
            "tags_all": {}
          },
          "sensitive_attributes": [],
          "private": "bnVsbA=="
        }
      ]
    }
  ],
  "check_results": null
}
